<?xml version="1.0" encoding="UTF-8" standalone="yes" ?>
<CodeBlocks_project_file>
	<FileVersion major="1" minor="6" />
	<Project>
		<Option title="battlecave" />
		<Option pch_mode="2" />
		<Option compiler="gcc" />
		<Build>
			<Target title="Debug">
				<Option output="bin/Debug/battlecave" prefix_auto="1" extension_auto="1" />
				<Option object_output="obj/Debug/" />
				<Option type="1" />
				<Option compiler="gcc" />
				<Compiler>
					<Add option="-g" />
				</Compiler>
			</Target>
			<Target title="Release">
				<Option output="bin/Release/battlecave" prefix_auto="1" extension_auto="1" />
				<Option object_output="obj/Release/" />
				<Option type="1" />
				<Option compiler="gcc" />
				<Compiler>
					<Add option="-O2" />
				</Compiler>
				<Linker>
					<Add option="-s" />
				</Linker>
			</Target>
		</Build>
		<Compiler>
			<Add option="-Wall" />
		</Compiler>
		<Unit filename="clearstrings.c">
			<Option compilerVar="CC" />
		</Unit>
		<Unit filename="clearstrings.h" />
		<Unit filename="definitions.h" />
		<Unit filename="globalvariables.c">
			<Option compilerVar="CC" />
		</Unit>
		<Unit filename="globalvariables.h" />
		<Unit filename="inputhandler.c">
			<Option compilerVar="CC" />
		</Unit>
		<Unit filename="inputhandler.h" />
		<Unit filename="main.c">
			<Option compilerVar="CC" />
		</Unit>
		<Unit filename="renderscreen.c">
			<Option compilerVar="CC" />
		</Unit>
		<Unit filename="renderscreen.h" />
		<Unit filename="setbuttons.c">
			<Option compilerVar="CC" />
		</Unit>
		<Unit filename="setbuttons.h" />
		<Unit filename="settext.c">
			<Option compilerVar="CC" />
		</Unit>
		<Unit filename="settext.h" />
		<Unit filename="setwindows.c">
			<Option compilerVar="CC" />
		</Unit>
		<Unit filename="setwindows.h" />
		<Unit filename="tcprecieve.c">
			<Option compilerVar="CC" />
		</Unit>
		<Unit filename="tcprecieve.h" />
		<Extensions>
			<code_completion />
			<envvars />
			<debugger />
		</Extensions>
	</Project>
</CodeBlocks_project_file>
